
Microsoft Visual Studio Solution File, Format Version 12.00
# Visual Studio Version 16
VisualStudioVersion = 16.0.30011.22
MinimumVisualStudioVersion = 10.0.40219.1
Project("{FAE04EC0-301F-11D3-BF4B-00C04F79EFBC}") = "ParteiPDFGenerator", "ParteiPDFGenerator\ParteiPDFGenerator.csproj", "{C13DC1A8-0A28-4912-AD65-1D1DE60B179B}"
EndProject
Global
	GlobalSection(SolutionConfigurationPlatforms) = preSolution
		Debug|Any CPU = Debug|Any CPU
		Release|Any CPU = Release|Any CPU
	EndGlobalSection
	GlobalSection(ProjectConfigurationPlatforms) = postSolution
		{C13DC1A8-0A28-4912-AD65-1D1DE60B179B}.Debug|Any CPU.ActiveCfg = Debug|Any CPU
		{C13DC1A8-0A28-4912-AD65-1D1DE60B179B}.Debug|Any CPU.Build.0 = Debug|Any CPU
		{C13DC1A8-0A28-4912-AD65-1D1DE60B179B}.Release|Any CPU.ActiveCfg = Release|Any CPU
		{C13DC1A8-0A28-4912-AD65-1D1DE60B179B}.Release|Any CPU.Build.0 = Release|Any CPU
	EndGlobalSection
	GlobalSection(SolutionProperties) = preSolution
		HideSolutionNode = FALSE
	EndGlobalSection
	GlobalSection(ExtensibilityGlobals) = postSolution
		SolutionGuid = {3A1C96F9-D56A-46B4-99A2-F27E1F1C01B6}
	EndGlobalSection
EndGlobal
